PODS:
  - Alamofire (4.7.2)
  - Mapbox-iOS-SDK (3.7.8)
  - MarqueeLabel/Swift (3.1.6)
  - NotificationBannerSwift (1.6.3):
    - MarqueeLabel/Swift
    - SnapKit (~> 4.0)
  - SnapKit (4.0.0)
  - SQLite.swift (0.11.5):
    - SQLite.swift/standard (= 0.11.5)
  - SQLite.swift/standard (0.11.5)
  - SwiftyJSON (4.1.0)
  - SWXMLHash (4.0.0)

DEPENDENCIES:
  - Alamofire (~> 4.6)
  - Mapbox-iOS-SDK (~> 3.7)
  - MarqueeLabel/Swift
  - NotificationBannerSwift
  - SQLite.swift (~> 0.11.4)
  - SwiftyJSON
  - SWXMLHash (~> 4.0.0)

SPEC REPOS:
  https://github.com/cocoapods/specs.git:
    - Alamofire
    - Mapbox-iOS-SDK
    - MarqueeLabel
    - NotificationBannerSwift
    - SnapKit
    - SQLite.swift
    - SwiftyJSON
    - SWXMLHash

SPEC CHECKSUMS:
  Alamofire: e4fa87002c137ba2d8d634d2c51fabcda0d5c223
  Mapbox-iOS-SDK: a8b55533ef5c5e91b5a26533bd4fb0ec88a3b994
  MarqueeLabel: 0c41f08ef5773e29c0f71064a8fa788a2fd8b365
  NotificationBannerSwift: b231e4c3244848ef300e1c53ce027b9756b9b06f
  SnapKit: a42d492c16e80209130a3379f73596c3454b7694
  SQLite.swift: 6e5356850bb1791459f8c16d6ee9195b28714a2e
  SwiftyJSON: c29297daf073d2aa016295d5809cdd68045c39b3
  SWXMLHash: 6bbc0bf72975a18ceda469fb7d6a886a26d81694

PODFILE CHECKSUM: a7c3295c93d6bbda05dc4d0a561ceee4fc8accae

COCOAPODS: 1.5.3
